
Microsoft Visual Studio Solution File, Format Version 12.00
# Visual Studio Version 17
VisualStudioVersion = 17.5.002.0
MinimumVisualStudioVersion = 10.0.40219.1
Project("{9A19103F-16F7-4668-BE54-9A1E7A4F7556}") = "TDEAULA04", "TDEAULA04.csproj", "{FE21E028-AEE7-4A5D-A5F2-F32E7E6415E5}"
EndProject
Global
	GlobalSection(SolutionConfigurationPlatforms) = preSolution
		Debug|Any CPU = Debug|Any CPU
		Release|Any CPU = Release|Any CPU
	EndGlobalSection
	GlobalSection(ProjectConfigurationPlatforms) = postSolution
		{FE21E028-AEE7-4A5D-A5F2-F32E7E6415E5}.Debug|Any CPU.ActiveCfg = Debug|Any CPU
		{FE21E028-AEE7-4A5D-A5F2-F32E7E6415E5}.Debug|Any CPU.Build.0 = Debug|Any CPU
		{FE21E028-AEE7-4A5D-A5F2-F32E7E6415E5}.Release|Any CPU.ActiveCfg = Release|Any CPU
		{FE21E028-AEE7-4A5D-A5F2-F32E7E6415E5}.Release|Any CPU.Build.0 = Release|Any CPU
	EndGlobalSection
	GlobalSection(SolutionProperties) = preSolution
		HideSolutionNode = FALSE
	EndGlobalSection
	GlobalSection(ExtensibilityGlobals) = postSolution
		SolutionGuid = {742EDF81-666F-4483-97B1-C49ED2CDD00E}
	EndGlobalSection
EndGlobal
